
Microsoft Visual Studio Solution File, Format Version 12.00
# Visual Studio Version 16
VisualStudioVersion = 16.0.30717.126
MinimumVisualStudioVersion = 10.0.40219.1
Project("{FAE04EC0-301F-11D3-BF4B-00C04F79EFBC}") = "WindowsForm0201", "WindowsForm0201\WindowsForm0201.csproj", "{845E9304-ED1D-4544-BA09-B767E5CC0822}"
EndProject
Global
	GlobalSection(SolutionConfigurationPlatforms) = preSolution
		Debug|Any CPU = Debug|Any CPU
		Release|Any CPU = Release|Any CPU
	EndGlobalSection
	GlobalSection(ProjectConfigurationPlatforms) = postSolution
		{845E9304-ED1D-4544-BA09-B767E5CC0822}.Debug|Any CPU.ActiveCfg = Debug|Any CPU
		{845E9304-ED1D-4544-BA09-B767E5CC0822}.Debug|Any CPU.Build.0 = Debug|Any CPU
		{845E9304-ED1D-4544-BA09-B767E5CC0822}.Release|Any CPU.ActiveCfg = Release|Any CPU
		{845E9304-ED1D-4544-BA09-B767E5CC0822}.Release|Any CPU.Build.0 = Release|Any CPU
	EndGlobalSection
	GlobalSection(SolutionProperties) = preSolution
		HideSolutionNode = FALSE
	EndGlobalSection
	GlobalSection(ExtensibilityGlobals) = postSolution
		SolutionGuid = {EE80D142-DE24-4D8A-8571-04A037B7D0A8}
	EndGlobalSection
EndGlobal
