
Microsoft Visual Studio Solution File, Format Version 12.00
# Visual Studio Version 16
VisualStudioVersion = 16.0.31025.194
MinimumVisualStudioVersion = 10.0.40219.1
Project("{FAE04EC0-301F-11D3-BF4B-00C04F79EFBC}") = "12ganzi", "12ganzi\12ganzi.csproj", "{4CB43EC3-B22C-4BB1-B5D6-04F8FAEBD6A8}"
EndProject
Global
	GlobalSection(SolutionConfigurationPlatforms) = preSolution
		Debug|Any CPU = Debug|Any CPU
		Release|Any CPU = Release|Any CPU
	EndGlobalSection
	GlobalSection(ProjectConfigurationPlatforms) = postSolution
		{4CB43EC3-B22C-4BB1-B5D6-04F8FAEBD6A8}.Debug|Any CPU.ActiveCfg = Debug|Any CPU
		{4CB43EC3-B22C-4BB1-B5D6-04F8FAEBD6A8}.Debug|Any CPU.Build.0 = Debug|Any CPU
		{4CB43EC3-B22C-4BB1-B5D6-04F8FAEBD6A8}.Release|Any CPU.ActiveCfg = Release|Any CPU
		{4CB43EC3-B22C-4BB1-B5D6-04F8FAEBD6A8}.Release|Any CPU.Build.0 = Release|Any CPU
	EndGlobalSection
	GlobalSection(SolutionProperties) = preSolution
		HideSolutionNode = FALSE
	EndGlobalSection
	GlobalSection(ExtensibilityGlobals) = postSolution
		SolutionGuid = {03FEBC62-23BC-48CB-945E-E1F2BE0F98D4}
	EndGlobalSection
EndGlobal
