
Microsoft Visual Studio Solution File, Format Version 12.00
# Visual Studio Version 16
VisualStudioVersion = 16.0.30717.126
MinimumVisualStudioVersion = 10.0.40219.1
Project("{FAE04EC0-301F-11D3-BF4B-00C04F79EFBC}") = "Clacurator2", "Clacurator2\Clacurator2.csproj", "{F87E4A44-42E5-4F93-8642-C56129F45A85}"
EndProject
Global
	GlobalSection(SolutionConfigurationPlatforms) = preSolution
		Debug|Any CPU = Debug|Any CPU
		Release|Any CPU = Release|Any CPU
	EndGlobalSection
	GlobalSection(ProjectConfigurationPlatforms) = postSolution
		{F87E4A44-42E5-4F93-8642-C56129F45A85}.Debug|Any CPU.ActiveCfg = Debug|Any CPU
		{F87E4A44-42E5-4F93-8642-C56129F45A85}.Debug|Any CPU.Build.0 = Debug|Any CPU
		{F87E4A44-42E5-4F93-8642-C56129F45A85}.Release|Any CPU.ActiveCfg = Release|Any CPU
		{F87E4A44-42E5-4F93-8642-C56129F45A85}.Release|Any CPU.Build.0 = Release|Any CPU
	EndGlobalSection
	GlobalSection(SolutionProperties) = preSolution
		HideSolutionNode = FALSE
	EndGlobalSection
	GlobalSection(ExtensibilityGlobals) = postSolution
		SolutionGuid = {AAA58ED8-5206-46CF-8562-AD80B167636B}
	EndGlobalSection
EndGlobal
