
Microsoft Visual Studio Solution File, Format Version 12.00
# Visual Studio Version 16
VisualStudioVersion = 16.0.31025.194
MinimumVisualStudioVersion = 10.0.40219.1
Project("{FAE04EC0-301F-11D3-BF4B-00C04F79EFBC}") = "answer", "answer\answer.csproj", "{43731F67-9A3B-4190-A1F3-9C4056A512A8}"
EndProject
Global
	GlobalSection(SolutionConfigurationPlatforms) = preSolution
		Debug|Any CPU = Debug|Any CPU
		Release|Any CPU = Release|Any CPU
	EndGlobalSection
	GlobalSection(ProjectConfigurationPlatforms) = postSolution
		{43731F67-9A3B-4190-A1F3-9C4056A512A8}.Debug|Any CPU.ActiveCfg = Debug|Any CPU
		{43731F67-9A3B-4190-A1F3-9C4056A512A8}.Debug|Any CPU.Build.0 = Debug|Any CPU
		{43731F67-9A3B-4190-A1F3-9C4056A512A8}.Release|Any CPU.ActiveCfg = Release|Any CPU
		{43731F67-9A3B-4190-A1F3-9C4056A512A8}.Release|Any CPU.Build.0 = Release|Any CPU
	EndGlobalSection
	GlobalSection(SolutionProperties) = preSolution
		HideSolutionNode = FALSE
	EndGlobalSection
	GlobalSection(ExtensibilityGlobals) = postSolution
		SolutionGuid = {312996BF-94A1-4BCB-B889-895D28CB64E1}
	EndGlobalSection
EndGlobal
