
Microsoft Visual Studio Solution File, Format Version 12.00
# Visual Studio Version 16
VisualStudioVersion = 16.0.31025.194
MinimumVisualStudioVersion = 10.0.40219.1
Project("{FAE04EC0-301F-11D3-BF4B-00C04F79EFBC}") = "Chapter5_0412", "Chapter5_0412\Chapter5_0412.csproj", "{8AF95DC9-9320-4D88-AE0D-7A4EB1D56844}"
EndProject
Global
	GlobalSection(SolutionConfigurationPlatforms) = preSolution
		Debug|Any CPU = Debug|Any CPU
		Release|Any CPU = Release|Any CPU
	EndGlobalSection
	GlobalSection(ProjectConfigurationPlatforms) = postSolution
		{8AF95DC9-9320-4D88-AE0D-7A4EB1D56844}.Debug|Any CPU.ActiveCfg = Debug|Any CPU
		{8AF95DC9-9320-4D88-AE0D-7A4EB1D56844}.Debug|Any CPU.Build.0 = Debug|Any CPU
		{8AF95DC9-9320-4D88-AE0D-7A4EB1D56844}.Release|Any CPU.ActiveCfg = Release|Any CPU
		{8AF95DC9-9320-4D88-AE0D-7A4EB1D56844}.Release|Any CPU.Build.0 = Release|Any CPU
	EndGlobalSection
	GlobalSection(SolutionProperties) = preSolution
		HideSolutionNode = FALSE
	EndGlobalSection
	GlobalSection(ExtensibilityGlobals) = postSolution
		SolutionGuid = {58A88D9C-A477-43F2-A210-22471B6EA7F5}
	EndGlobalSection
EndGlobal
