
Microsoft Visual Studio Solution File, Format Version 12.00
# Visual Studio Version 16
VisualStudioVersion = 16.0.30717.126
MinimumVisualStudioVersion = 10.0.40219.1
Project("{FAE04EC0-301F-11D3-BF4B-00C04F79EFBC}") = "carApp_0208", "carApp_0208\carApp_0208.csproj", "{92CF5C22-7330-4563-9B8D-90ACEF18DD73}"
EndProject
Global
	GlobalSection(SolutionConfigurationPlatforms) = preSolution
		Debug|Any CPU = Debug|Any CPU
		Release|Any CPU = Release|Any CPU
	EndGlobalSection
	GlobalSection(ProjectConfigurationPlatforms) = postSolution
		{92CF5C22-7330-4563-9B8D-90ACEF18DD73}.Debug|Any CPU.ActiveCfg = Debug|Any CPU
		{92CF5C22-7330-4563-9B8D-90ACEF18DD73}.Debug|Any CPU.Build.0 = Debug|Any CPU
		{92CF5C22-7330-4563-9B8D-90ACEF18DD73}.Release|Any CPU.ActiveCfg = Release|Any CPU
		{92CF5C22-7330-4563-9B8D-90ACEF18DD73}.Release|Any CPU.Build.0 = Release|Any CPU
	EndGlobalSection
	GlobalSection(SolutionProperties) = preSolution
		HideSolutionNode = FALSE
	EndGlobalSection
	GlobalSection(ExtensibilityGlobals) = postSolution
		SolutionGuid = {B0D6F8A7-3A4D-4996-A862-7B0084D7EDFC}
	EndGlobalSection
EndGlobal
