
Microsoft Visual Studio Solution File, Format Version 12.00
# Visual Studio Version 16
VisualStudioVersion = 16.0.31025.194
MinimumVisualStudioVersion = 10.0.40219.1
Project("{FAE04EC0-301F-11D3-BF4B-00C04F79EFBC}") = "Chap06", "Chap06\Chap06.csproj", "{3056B6C4-0396-4891-ABD9-BFB125BACAE5}"
EndProject
Project("{FAE04EC0-301F-11D3-BF4B-00C04F79EFBC}") = "Timer", "Timer\Timer.csproj", "{7157054A-2E37-4E2A-9353-0C084D686097}"
EndProject
Project("{FAE04EC0-301F-11D3-BF4B-00C04F79EFBC}") = "RandomNumberGameTimer", "RandomNumberGameTimer\RandomNumberGameTimer.csproj", "{3063B279-8563-4987-9462-7D9E107FB3F5}"
EndProject
Project("{FAE04EC0-301F-11D3-BF4B-00C04F79EFBC}") = "Overloading", "Overloading\Overloading.csproj", "{7DB8B4EB-2C7E-427F-A148-67D7BE91592B}"
EndProject
Project("{FAE04EC0-301F-11D3-BF4B-00C04F79EFBC}") = "DescriptFunction", "DescriptFunction\DescriptFunction.csproj", "{8563F114-9E90-4DAD-9081-B0A98DF422E9}"
EndProject
Project("{FAE04EC0-301F-11D3-BF4B-00C04F79EFBC}") = "answer_function_que", "answer_function_que\answer_function_que.csproj", "{56C5AF17-3B62-477B-B5F9-07B56F541DEE}"
EndProject
Project("{FAE04EC0-301F-11D3-BF4B-00C04F79EFBC}") = "getset", "getset\getset.csproj", "{C9D8ABEB-CA3A-4EA8-BEA0-32238831406C}"
EndProject
Global
	GlobalSection(SolutionConfigurationPlatforms) = preSolution
		Debug|Any CPU = Debug|Any CPU
		Release|Any CPU = Release|Any CPU
	EndGlobalSection
	GlobalSection(ProjectConfigurationPlatforms) = postSolution
		{3056B6C4-0396-4891-ABD9-BFB125BACAE5}.Debug|Any CPU.ActiveCfg = Debug|Any CPU
		{3056B6C4-0396-4891-ABD9-BFB125BACAE5}.Debug|Any CPU.Build.0 = Debug|Any CPU
		{3056B6C4-0396-4891-ABD9-BFB125BACAE5}.Release|Any CPU.ActiveCfg = Release|Any CPU
		{3056B6C4-0396-4891-ABD9-BFB125BACAE5}.Release|Any CPU.Build.0 = Release|Any CPU
		{7157054A-2E37-4E2A-9353-0C084D686097}.Debug|Any CPU.ActiveCfg = Debug|Any CPU
		{7157054A-2E37-4E2A-9353-0C084D686097}.Debug|Any CPU.Build.0 = Debug|Any CPU
		{7157054A-2E37-4E2A-9353-0C084D686097}.Release|Any CPU.ActiveCfg = Release|Any CPU
		{7157054A-2E37-4E2A-9353-0C084D686097}.Release|Any CPU.Build.0 = Release|Any CPU
		{3063B279-8563-4987-9462-7D9E107FB3F5}.Debug|Any CPU.ActiveCfg = Debug|Any CPU
		{3063B279-8563-4987-9462-7D9E107FB3F5}.Debug|Any CPU.Build.0 = Debug|Any CPU
		{3063B279-8563-4987-9462-7D9E107FB3F5}.Release|Any CPU.ActiveCfg = Release|Any CPU
		{3063B279-8563-4987-9462-7D9E107FB3F5}.Release|Any CPU.Build.0 = Release|Any CPU
		{7DB8B4EB-2C7E-427F-A148-67D7BE91592B}.Debug|Any CPU.ActiveCfg = Debug|Any CPU
		{7DB8B4EB-2C7E-427F-A148-67D7BE91592B}.Debug|Any CPU.Build.0 = Debug|Any CPU
		{7DB8B4EB-2C7E-427F-A148-67D7BE91592B}.Release|Any CPU.ActiveCfg = Release|Any CPU
		{7DB8B4EB-2C7E-427F-A148-67D7BE91592B}.Release|Any CPU.Build.0 = Release|Any CPU
		{8563F114-9E90-4DAD-9081-B0A98DF422E9}.Debug|Any CPU.ActiveCfg = Debug|Any CPU
		{8563F114-9E90-4DAD-9081-B0A98DF422E9}.Debug|Any CPU.Build.0 = Debug|Any CPU
		{8563F114-9E90-4DAD-9081-B0A98DF422E9}.Release|Any CPU.ActiveCfg = Release|Any CPU
		{8563F114-9E90-4DAD-9081-B0A98DF422E9}.Release|Any CPU.Build.0 = Release|Any CPU
		{56C5AF17-3B62-477B-B5F9-07B56F541DEE}.Debug|Any CPU.ActiveCfg = Debug|Any CPU
		{56C5AF17-3B62-477B-B5F9-07B56F541DEE}.Debug|Any CPU.Build.0 = Debug|Any CPU
		{56C5AF17-3B62-477B-B5F9-07B56F541DEE}.Release|Any CPU.ActiveCfg = Release|Any CPU
		{56C5AF17-3B62-477B-B5F9-07B56F541DEE}.Release|Any CPU.Build.0 = Release|Any CPU
		{C9D8ABEB-CA3A-4EA8-BEA0-32238831406C}.Debug|Any CPU.ActiveCfg = Debug|Any CPU
		{C9D8ABEB-CA3A-4EA8-BEA0-32238831406C}.Debug|Any CPU.Build.0 = Debug|Any CPU
		{C9D8ABEB-CA3A-4EA8-BEA0-32238831406C}.Release|Any CPU.ActiveCfg = Release|Any CPU
		{C9D8ABEB-CA3A-4EA8-BEA0-32238831406C}.Release|Any CPU.Build.0 = Release|Any CPU
	EndGlobalSection
	GlobalSection(SolutionProperties) = preSolution
		HideSolutionNode = FALSE
	EndGlobalSection
	GlobalSection(ExtensibilityGlobals) = postSolution
		SolutionGuid = {29CD5EFA-BEC1-4DE3-93EF-AF51687FF26E}
	EndGlobalSection
EndGlobal
