
Microsoft Visual Studio Solution File, Format Version 12.00
# Visual Studio Version 16
VisualStudioVersion = 16.0.30717.126
MinimumVisualStudioVersion = 10.0.40219.1
Project("{FAE04EC0-301F-11D3-BF4B-00C04F79EFBC}") = "ConsileApp1", "ConsileApp1\ConsileApp1.csproj", "{A2C04291-DFD9-485E-879C-EF1B0C45BB07}"
EndProject
Global
	GlobalSection(SolutionConfigurationPlatforms) = preSolution
		Debug|Any CPU = Debug|Any CPU
		Release|Any CPU = Release|Any CPU
	EndGlobalSection
	GlobalSection(ProjectConfigurationPlatforms) = postSolution
		{A2C04291-DFD9-485E-879C-EF1B0C45BB07}.Debug|Any CPU.ActiveCfg = Debug|Any CPU
		{A2C04291-DFD9-485E-879C-EF1B0C45BB07}.Debug|Any CPU.Build.0 = Debug|Any CPU
		{A2C04291-DFD9-485E-879C-EF1B0C45BB07}.Release|Any CPU.ActiveCfg = Release|Any CPU
		{A2C04291-DFD9-485E-879C-EF1B0C45BB07}.Release|Any CPU.Build.0 = Release|Any CPU
	EndGlobalSection
	GlobalSection(SolutionProperties) = preSolution
		HideSolutionNode = FALSE
	EndGlobalSection
	GlobalSection(ExtensibilityGlobals) = postSolution
		SolutionGuid = {223C0371-8522-4A9A-A6F2-098E5B5E32CE}
	EndGlobalSection
EndGlobal
