
Microsoft Visual Studio Solution File, Format Version 12.00
# Visual Studio Version 16
VisualStudioVersion = 16.0.30717.126
MinimumVisualStudioVersion = 10.0.40219.1
Project("{FAE04EC0-301F-11D3-BF4B-00C04F79EFBC}") = "winform0129", "winform0129\winform0129.csproj", "{04D0A2A9-ED93-4742-945A-BC63EBFE9B5F}"
EndProject
Global
	GlobalSection(SolutionConfigurationPlatforms) = preSolution
		Debug|Any CPU = Debug|Any CPU
		Release|Any CPU = Release|Any CPU
	EndGlobalSection
	GlobalSection(ProjectConfigurationPlatforms) = postSolution
		{04D0A2A9-ED93-4742-945A-BC63EBFE9B5F}.Debug|Any CPU.ActiveCfg = Debug|Any CPU
		{04D0A2A9-ED93-4742-945A-BC63EBFE9B5F}.Debug|Any CPU.Build.0 = Debug|Any CPU
		{04D0A2A9-ED93-4742-945A-BC63EBFE9B5F}.Release|Any CPU.ActiveCfg = Release|Any CPU
		{04D0A2A9-ED93-4742-945A-BC63EBFE9B5F}.Release|Any CPU.Build.0 = Release|Any CPU
	EndGlobalSection
	GlobalSection(SolutionProperties) = preSolution
		HideSolutionNode = FALSE
	EndGlobalSection
	GlobalSection(ExtensibilityGlobals) = postSolution
		SolutionGuid = {B8890050-F940-4247-BC97-7234006B6AD9}
	EndGlobalSection
EndGlobal
