
Microsoft Visual Studio Solution File, Format Version 12.00
# Visual Studio Version 16
VisualStudioVersion = 16.0.30717.126
MinimumVisualStudioVersion = 10.0.40219.1
Project("{FAE04EC0-301F-11D3-BF4B-00C04F79EFBC}") = "class0215", "class0215\class0215.csproj", "{1E17712B-4D31-4103-9B9D-5A49F72821C4}"
EndProject
Global
	GlobalSection(SolutionConfigurationPlatforms) = preSolution
		Debug|Any CPU = Debug|Any CPU
		Release|Any CPU = Release|Any CPU
	EndGlobalSection
	GlobalSection(ProjectConfigurationPlatforms) = postSolution
		{1E17712B-4D31-4103-9B9D-5A49F72821C4}.Debug|Any CPU.ActiveCfg = Debug|Any CPU
		{1E17712B-4D31-4103-9B9D-5A49F72821C4}.Debug|Any CPU.Build.0 = Debug|Any CPU
		{1E17712B-4D31-4103-9B9D-5A49F72821C4}.Release|Any CPU.ActiveCfg = Release|Any CPU
		{1E17712B-4D31-4103-9B9D-5A49F72821C4}.Release|Any CPU.Build.0 = Release|Any CPU
	EndGlobalSection
	GlobalSection(SolutionProperties) = preSolution
		HideSolutionNode = FALSE
	EndGlobalSection
	GlobalSection(ExtensibilityGlobals) = postSolution
		SolutionGuid = {A45BB072-2EAA-45DD-A229-4AAE7396DD59}
	EndGlobalSection
EndGlobal
