
Microsoft Visual Studio Solution File, Format Version 12.00
# Visual Studio Version 16
VisualStudioVersion = 16.0.30717.126
MinimumVisualStudioVersion = 10.0.40219.1
Project("{FAE04EC0-301F-11D3-BF4B-00C04F79EFBC}") = "CarTest_0208", "CarTest_0208\CarTest_0208.csproj", "{76B102A3-7608-4E22-BF61-79D5B9BADBDF}"
EndProject
Global
	GlobalSection(SolutionConfigurationPlatforms) = preSolution
		Debug|Any CPU = Debug|Any CPU
		Release|Any CPU = Release|Any CPU
	EndGlobalSection
	GlobalSection(ProjectConfigurationPlatforms) = postSolution
		{76B102A3-7608-4E22-BF61-79D5B9BADBDF}.Debug|Any CPU.ActiveCfg = Debug|Any CPU
		{76B102A3-7608-4E22-BF61-79D5B9BADBDF}.Debug|Any CPU.Build.0 = Debug|Any CPU
		{76B102A3-7608-4E22-BF61-79D5B9BADBDF}.Release|Any CPU.ActiveCfg = Release|Any CPU
		{76B102A3-7608-4E22-BF61-79D5B9BADBDF}.Release|Any CPU.Build.0 = Release|Any CPU
	EndGlobalSection
	GlobalSection(SolutionProperties) = preSolution
		HideSolutionNode = FALSE
	EndGlobalSection
	GlobalSection(ExtensibilityGlobals) = postSolution
		SolutionGuid = {C29017C0-674B-40C9-BF40-90BE999C1CCE}
	EndGlobalSection
EndGlobal
