
Microsoft Visual Studio Solution File, Format Version 12.00
# Visual Studio Version 16
VisualStudioVersion = 16.0.31025.194
MinimumVisualStudioVersion = 10.0.40219.1
Project("{FAE04EC0-301F-11D3-BF4B-00C04F79EFBC}") = "answer", "answer\answer.csproj", "{D54D1A50-E247-40A9-BABE-5C87AF3FFA67}"
EndProject
Global
	GlobalSection(SolutionConfigurationPlatforms) = preSolution
		Debug|Any CPU = Debug|Any CPU
		Release|Any CPU = Release|Any CPU
	EndGlobalSection
	GlobalSection(ProjectConfigurationPlatforms) = postSolution
		{D54D1A50-E247-40A9-BABE-5C87AF3FFA67}.Debug|Any CPU.ActiveCfg = Debug|Any CPU
		{D54D1A50-E247-40A9-BABE-5C87AF3FFA67}.Debug|Any CPU.Build.0 = Debug|Any CPU
		{D54D1A50-E247-40A9-BABE-5C87AF3FFA67}.Release|Any CPU.ActiveCfg = Release|Any CPU
		{D54D1A50-E247-40A9-BABE-5C87AF3FFA67}.Release|Any CPU.Build.0 = Release|Any CPU
	EndGlobalSection
	GlobalSection(SolutionProperties) = preSolution
		HideSolutionNode = FALSE
	EndGlobalSection
	GlobalSection(ExtensibilityGlobals) = postSolution
		SolutionGuid = {1436ECF7-F85A-47B5-AC4B-3FE19FBF1FCB}
	EndGlobalSection
EndGlobal
